speakeasyVersion: 1.709.1
sources:
    Squadcast:
        sourceNamespace: squadcast
        sourceRevisionDigest: sha256:7172cd93b908ce19e0ec801a6e17fbf3fe5ff867289c4a6acbdf696b319557b3
        sourceBlobDigest: sha256:b5489589ac59d93af673b1dc76e819f137b6e5da56fae957cc09c90e57a6e8b8
        tags:
            - latest
            - speakeasy-sdk-regen-1770164758
            - 1.0.0
targets:
    squadcast-sdk:
        source: Squadcast
        sourceNamespace: squadcast
        sourceRevisionDigest: sha256:7172cd93b908ce19e0ec801a6e17fbf3fe5ff867289c4a6acbdf696b319557b3
        sourceBlobDigest: sha256:b5489589ac59d93af673b1dc76e819f137b6e5da56fae957cc09c90e57a6e8b8
        codeSamplesNamespace: squadcast-typescript-typescript-code-samples
        codeSamplesRevisionDigest: sha256:c4d43cd61a9d8b56fdaa9ded0482fa89a072622c2995ac45a5d48e6cf1ec3dca
workflow:
    workflowVersion: 1.0.0
    speakeasyVersion: latest
    sources:
        Squadcast:
            inputs:
                - location: https://raw.githubusercontent.com/solarwinds-cloud/sq-squadcast-public-api-docs/main/build/openapi3/openapi.json
                  authHeader: Authorization
                  authSecret: $openapi_doc_auth_token
            overlays:
                - location: .speakeasy/overlay.openapi.yaml
            output: .speakeasy/out.openapi.yaml
            registry:
                location: registry.speakeasyapi.dev/swo/incident-response/squadcast
    targets:
        squadcast-sdk:
            target: typescript
            source: Squadcast
            output: squadcastv1
            publish:
                npm:
                    token: $npm_token
            codeSamples:
                registry:
                    location: registry.speakeasyapi.dev/swo/incident-response/squadcast-typescript-typescript-code-samples
                labelOverride:
                    fixedValue: Typescript (SDK)
                blocking: false
            testing:
                enabled: false
