speakeasyVersion: 1.759.1
sources:
    Squadcast:
        sourceNamespace: squadcast
        sourceRevisionDigest: sha256:93a480e738d44b8b2df6881d01a61c44c037aaedb2f64e807d052c2f1fd96c97
        sourceBlobDigest: sha256:5e93b0ad320e7fed25aa5e20715234882b4a5cddd8e4f624a25d3e9470f6b2e6
        tags:
            - latest
            - 1.0.0
targets:
    squadcast-sdk:
        source: Squadcast
        sourceNamespace: squadcast
        sourceRevisionDigest: sha256:93a480e738d44b8b2df6881d01a61c44c037aaedb2f64e807d052c2f1fd96c97
        sourceBlobDigest: sha256:5e93b0ad320e7fed25aa5e20715234882b4a5cddd8e4f624a25d3e9470f6b2e6
        codeSamplesNamespace: squadcast-typescript-typescript-code-samples
        codeSamplesRevisionDigest: sha256:c34c2b1a4843bebbc4a719a886b6b4e884eef3390c83f5e3e0e6fb31512e8efa
workflow:
    workflowVersion: 1.0.0
    speakeasyVersion: latest
    sources:
        Squadcast:
            inputs:
                - location: https://raw.githubusercontent.com/solarwinds-cloud/sq-squadcast-public-api-docs/main/build/openapi3/openapi.json
                  authHeader: Authorization
                  authSecret: $openapi_doc_auth_token
            overlays:
                - location: .speakeasy/overlay.openapi.yaml
            output: .speakeasy/out.openapi.yaml
            registry:
                location: registry.speakeasyapi.dev/swo/incident-response/squadcast
    targets:
        squadcast-sdk:
            target: typescript
            source: Squadcast
            output: squadcastv1
            publish:
                npm:
                    token: $npm_token
            codeSamples:
                registry:
                    location: registry.speakeasyapi.dev/swo/incident-response/squadcast-typescript-typescript-code-samples
                labelOverride:
                    fixedValue: Typescript (SDK)
                blocking: false
            testing:
                enabled: false
