speakeasyVersion: 1.791.4
sources:
    Squadcast:
        sourceNamespace: squadcast
        sourceRevisionDigest: sha256:ac59282135176037afba05d2b4915d2014f040d4a59d7f156eec93699c6d64c9
        sourceBlobDigest: sha256:b203d4b201e79e73aa1c66d936735c14deb7b0003132197a4907b2f93ec17b13
        tags:
            - latest
            - 1.0.0
targets:
    squadcast-sdk:
        source: Squadcast
        sourceNamespace: squadcast
        sourceRevisionDigest: sha256:ac59282135176037afba05d2b4915d2014f040d4a59d7f156eec93699c6d64c9
        sourceBlobDigest: sha256:b203d4b201e79e73aa1c66d936735c14deb7b0003132197a4907b2f93ec17b13
        codeSamplesNamespace: squadcast-typescript-typescript-code-samples
        codeSamplesRevisionDigest: sha256:06bf05efbde4b660b1ea4ec3ba87cf8ada72e0fed325fb150c0c213d4f3e7cb1
workflow:
    workflowVersion: 1.0.0
    speakeasyVersion: latest
    sources:
        Squadcast:
            inputs:
                - location: https://raw.githubusercontent.com/solarwinds-cloud/sq-squadcast-public-api-docs/main/build/openapi3/openapi.json
                  authHeader: Authorization
                  authSecret: $openapi_doc_auth_token
            overlays:
                - location: .speakeasy/overlay.openapi.yaml
            output: .speakeasy/out.openapi.yaml
            registry:
                location: registry.speakeasyapi.dev/swo/incident-response/squadcast
    targets:
        squadcast-sdk:
            target: typescript
            source: Squadcast
            output: squadcastv1
            publish:
                npm:
                    token: $npm_token
            codeSamples:
                registry:
                    location: registry.speakeasyapi.dev/swo/incident-response/squadcast-typescript-typescript-code-samples
                labelOverride:
                    fixedValue: Typescript (SDK)
                blocking: false
            testing:
                enabled: false
